hash: 4df3eedda1f35b54d336bc23f5b48ebd2bdc7d9568e9856b6c5395e6d5827b88
updated: 2016-05-31T20:41:26.94664028+02:00
imports:
- name: github.com/coreos/go-systemd
  version: 4484981625c1a6a2ecb40a390fcb6a9bcfee76e3
  subpackages:
  - activation
- name: github.com/dmcgowan/msgpack
  version: b2a415181d61dad392b5e98e65b0cf7d73e606e7
- name: github.com/docker/libchan
  version: 0328dcec840a0659448faf08af087135fffb7fde
  subpackages:
  - spdy
- name: github.com/docker/spdystream
  version: 449fdfce4d962303d702fec724ef0ad181c92528
  subpackages:
  - spdy
devImports: []
